
Microsoft Visual Studio Solution File, Format Version 12.00
# Visual Studio Version 17
VisualStudioVersion = 17.14.36623.8
MinimumVisualStudioVersion = 10.0.40219.1
Project("{FAE04EC0-301F-11D3-BF4B-00C04F79EFBC}") = "DormitoryObjects", "DormitoryObjects\DormitoryObjects.csproj", "{4BFE87A0-40CB-404F-A464-F8FDC757E811}"
EndProject
Project("{FAE04EC0-301F-11D3-BF4B-00C04F79EFBC}") = "DormitoryGUI", "LogInSystem\DormitoryGUI.csproj", "{55AD237E-7112-4B1A-9593-446FEDFB4A3F}"
EndProject
Global
	GlobalSection(SolutionConfigurationPlatforms) = preSolution
		Debug|Any CPU = Debug|Any CPU
		Release|Any CPU = Release|Any CPU
	EndGlobalSection
	GlobalSection(ProjectConfigurationPlatforms) = postSolution
		{4BFE87A0-40CB-404F-A464-F8FDC757E811}.Debug|Any CPU.ActiveCfg = Debug|Any CPU
		{4BFE87A0-40CB-404F-A464-F8FDC757E811}.Debug|Any CPU.Build.0 = Debug|Any CPU
		{4BFE87A0-40CB-404F-A464-F8FDC757E811}.Release|Any CPU.ActiveCfg = Release|Any CPU
		{4BFE87A0-40CB-404F-A464-F8FDC757E811}.Release|Any CPU.Build.0 = Release|Any CPU
		{55AD237E-7112-4B1A-9593-446FEDFB4A3F}.Debug|Any CPU.ActiveCfg = Debug|Any CPU
		{55AD237E-7112-4B1A-9593-446FEDFB4A3F}.Debug|Any CPU.Build.0 = Debug|Any CPU
		{55AD237E-7112-4B1A-9593-446FEDFB4A3F}.Release|Any CPU.ActiveCfg = Release|Any CPU
		{55AD237E-7112-4B1A-9593-446FEDFB4A3F}.Release|Any CPU.Build.0 = Release|Any CPU
	EndGlobalSection
	GlobalSection(SolutionProperties) = preSolution
		HideSolutionNode = FALSE
	EndGlobalSection
	GlobalSection(ExtensibilityGlobals) = postSolution
		SolutionGuid = {558E58D3-D82A-4878-B286-5991009FA06D}
	EndGlobalSection
EndGlobal
